
Microsoft Visual Studio Solution File, Format Version 12.00
# Visual Studio 2012
Project("{FAE04EC0-301F-11D3-BF4B-00C04F79EFBC}") = "InputMask", "InputMask\InputMask.csproj", "{19BE37DD-82BA-4802-90AD-E32AFA1F6D56}"
EndProject
Project("{FAE04EC0-301F-11D3-BF4B-00C04F79EFBC}") = "InputMaskTests", "InputMaskTests\InputMaskTests.csproj", "{6415D269-A04D-4B70-8ADA-56631BB22E14}"
EndProject
Global
	GlobalSection(SolutionConfigurationPlatforms) = preSolution
		Debug|Any CPU = Debug|Any CPU
		Release|Any CPU = Release|Any CPU
		Debug|iPhoneSimulator = Debug|iPhoneSimulator
		Release|iPhone = Release|iPhone
		Release|iPhoneSimulator = Release|iPhoneSimulator
		Debug|iPhone = Debug|iPhone
	EndGlobalSection
	GlobalSection(ProjectConfigurationPlatforms) = postSolution
		{19BE37DD-82BA-4802-90AD-E32AFA1F6D56}.Debug|Any CPU.ActiveCfg = Debug|Any CPU
		{19BE37DD-82BA-4802-90AD-E32AFA1F6D56}.Debug|Any CPU.Build.0 = Debug|Any CPU
		{19BE37DD-82BA-4802-90AD-E32AFA1F6D56}.Release|Any CPU.ActiveCfg = Release|Any CPU
		{19BE37DD-82BA-4802-90AD-E32AFA1F6D56}.Release|Any CPU.Build.0 = Release|Any CPU
		{19BE37DD-82BA-4802-90AD-E32AFA1F6D56}.Debug|iPhoneSimulator.ActiveCfg = Debug|Any CPU
		{19BE37DD-82BA-4802-90AD-E32AFA1F6D56}.Debug|iPhoneSimulator.Build.0 = Debug|Any CPU
		{19BE37DD-82BA-4802-90AD-E32AFA1F6D56}.Release|iPhone.ActiveCfg = Release|Any CPU
		{19BE37DD-82BA-4802-90AD-E32AFA1F6D56}.Release|iPhone.Build.0 = Release|Any CPU
		{19BE37DD-82BA-4802-90AD-E32AFA1F6D56}.Release|iPhoneSimulator.ActiveCfg = Release|Any CPU
		{19BE37DD-82BA-4802-90AD-E32AFA1F6D56}.Release|iPhoneSimulator.Build.0 = Release|Any CPU
		{19BE37DD-82BA-4802-90AD-E32AFA1F6D56}.Debug|iPhone.ActiveCfg = Debug|Any CPU
		{19BE37DD-82BA-4802-90AD-E32AFA1F6D56}.Debug|iPhone.Build.0 = Debug|Any CPU
		{6415D269-A04D-4B70-8ADA-56631BB22E14}.Debug|Any CPU.ActiveCfg = Debug|iPhoneSimulator
		{6415D269-A04D-4B70-8ADA-56631BB22E14}.Debug|Any CPU.Build.0 = Debug|iPhoneSimulator
		{6415D269-A04D-4B70-8ADA-56631BB22E14}.Release|Any CPU.ActiveCfg = Release|iPhone
		{6415D269-A04D-4B70-8ADA-56631BB22E14}.Release|Any CPU.Build.0 = Release|iPhone
		{6415D269-A04D-4B70-8ADA-56631BB22E14}.Debug|iPhoneSimulator.ActiveCfg = Debug|iPhoneSimulator
		{6415D269-A04D-4B70-8ADA-56631BB22E14}.Debug|iPhoneSimulator.Build.0 = Debug|iPhoneSimulator
		{6415D269-A04D-4B70-8ADA-56631BB22E14}.Release|iPhone.ActiveCfg = Release|iPhone
		{6415D269-A04D-4B70-8ADA-56631BB22E14}.Release|iPhone.Build.0 = Release|iPhone
		{6415D269-A04D-4B70-8ADA-56631BB22E14}.Release|iPhoneSimulator.ActiveCfg = Release|iPhoneSimulator
		{6415D269-A04D-4B70-8ADA-56631BB22E14}.Release|iPhoneSimulator.Build.0 = Release|iPhoneSimulator
		{6415D269-A04D-4B70-8ADA-56631BB22E14}.Debug|iPhone.ActiveCfg = Debug|iPhone
		{6415D269-A04D-4B70-8ADA-56631BB22E14}.Debug|iPhone.Build.0 = Debug|iPhone
	EndGlobalSection
EndGlobal
